<?xml version="1.0" encoding="utf-8"?>
<Project ToolsVersion="4.0" xmlns="http://schemas.microsoft.com/developer/msbuild/2003">
  <ItemGroup>
    <ClCompile Include="main.cpp" />
  </ItemGroup>
  <ItemGroup>
    <None Include="packages.config" />
    <None Include="cnot.tfc">
      <Filter>tests</Filter>
    </None>
    <None Include="id1.tfc">
      <Filter>tests</Filter>
    </None>
    <None Include="not.tfc">
      <Filter>tests</Filter>
    </None>
    <None Include="rd32.tfc">
      <Filter>tests</Filter>
    </None>
    <None Include="id2.tfc">
      <Filter>tests</Filter>
    </None>
    <None Include="id3.tfc">
      <Filter>tests</Filter>
    </None>
    <None Include="id1not1.tfc">
      <Filter>tests</Filter>
    </None>
    <None Include="not1id1.tfc">
      <Filter>tests</Filter>
    </None>
  </ItemGroup>
  <ItemGroup>
    <Filter Include="tests">
      <UniqueIdentifier>{d4f79e2a-4cf3-40e9-8e53-ff744b066d51}</UniqueIdentifier>
    </Filter>
  </ItemGroup>
</Project>