<?xml version="1.0" encoding="utf-8"?>
<Project ToolsVersion="4.0" xmlns="http://schemas.microsoft.com/developer/msbuild/2003">
  <ItemGroup>
    <ClCompile Include="main.cpp" />
  </ItemGroup>
  <ItemGroup>
    <None Include="packages.config" />
    <None Include="cnot.tfc">
      <Filter>tests</Filter>
    </None>
    <None Include="id1.tfc">
      <Filter>tests</Filter>
    </None>
    <None Include="not.tfc">
      <Filter>tests</Filter>
    </None>
    <None Include="rd32.tfc">
      <Filter>tests</Filter>
    </None>
    <None Include="id2.tfc">
      <Filter>tests</Filter>
    </None>
    <None Include="id3.tfc">
      <Filter>tests</Filter>
    </None>
    <None Include="id1not1.tfc">
      <Filter>tests</Filter>
    </None>
    <None Include="not1id1.tfc">
      <Filter>tests</Filter>
    </None>
    <None Include="id1not1id1.tfc">
      <Filter>tests</Filter>
    </None>
    <None Include="id1cnot1.tfc">
      <Filter>tests</Filter>
    </None>
    <None Include="cnot1id1.tfc">
      <Filter>tests</Filter>
    </None>
    <None Include="notc.tfc">
      <Filter>tests</Filter>
    </None>
    <None Include="notcc.tfc">
      <Filter>tests</Filter>
    </None>
    <None Include="toffoli.tfc">
      <Filter>tests</Filter>
    </None>
    <None Include="cnotc.tfc">
      <Filter>tests</Filter>
    </None>
    <None Include="notnot.tfc">
      <Filter>tests</Filter>
    </None>
    <None Include="cnotcnot.tfc">
      <Filter>tests</Filter>
    </None>
    <None Include="cnotnot.tfc">
      <Filter>tests</Filter>
    </None>
    <None Include="idcnot_idcnot.tfc">
      <Filter>tests</Filter>
    </None>
    <None Include="cnotid_idcnot.tfc">
      <Filter>tests</Filter>
    </None>
    <None Include="y.tfc">
      <Filter>tests</Filter>
    </None>
    <None Include="yy.tfc">
      <Filter>tests</Filter>
    </None>
    <None Include="cy.tfc">
      <Filter>tests</Filter>
    </None>
    <None Include="z.tfc">
      <Filter>tests</Filter>
    </None>
    <None Include="v.tfc">
      <Filter>tests</Filter>
    </None>
    <None Include="vinv.tfc">
      <Filter>tests</Filter>
    </None>
    <None Include="h.tfc">
      <Filter>tests</Filter>
    </None>
    <None Include="q.tfc">
      <Filter>tests</Filter>
    </None>
    <None Include="cv_fromht.tfc">
      <Filter>tests</Filter>
    </None>
    <None Include="toffoli_from_ht.tfc">
      <Filter>tests</Filter>
    </None>
    <None Include="fredkin.tfc">
      <Filter>tests</Filter>
    </None>
    <None Include="id2h.tfc">
      <Filter>tests</Filter>
    </None>
    <None Include="toffoli_from_v.tfc">
      <Filter>tests</Filter>
    </None>
    <None Include="s.tfc">
      <Filter>tests</Filter>
    </None>
  </ItemGroup>
  <ItemGroup>
    <Filter Include="tests">
      <UniqueIdentifier>{d4f79e2a-4cf3-40e9-8e53-ff744b066d51}</UniqueIdentifier>
    </Filter>
  </ItemGroup>
</Project>